
Microsoft Visual Studio Solution File, Format Version 12.00
# Visual Studio 2012
Project("{FAE04EC0-301F-11D3-BF4B-00C04F79EFBC}") = "KotoriServer", "KotoriServer\KotoriServer.csproj", "{49F650D5-A6FC-49D8-AC4C-DC13C4E5E94C}"
EndProject
Global
	GlobalSection(SolutionConfigurationPlatforms) = preSolution
		Debug|Any CPU = Debug|Any CPU
		Release|Any CPU = Release|Any CPU
	EndGlobalSection
	GlobalSection(ProjectConfigurationPlatforms) = postSolution
		{49F650D5-A6FC-49D8-AC4C-DC13C4E5E94C}.Debug|Any CPU.ActiveCfg = Debug|Any CPU
		{49F650D5-A6FC-49D8-AC4C-DC13C4E5E94C}.Debug|Any CPU.Build.0 = Debug|Any CPU
		{49F650D5-A6FC-49D8-AC4C-DC13C4E5E94C}.Release|Any CPU.ActiveCfg = Release|Any CPU
		{49F650D5-A6FC-49D8-AC4C-DC13C4E5E94C}.Release|Any CPU.Build.0 = Release|Any CPU
	EndGlobalSection
EndGlobal
